
Microsoft Visual Studio Solution File, Format Version 12.00
# Visual Studio 14
VisualStudioVersion = 14.0.25123.0
MinimumVisualStudioVersion = 10.0.40219.1
Project("{C756629C-7DB7-4DB4-9004-384843BEE577}") = "Sitecore.Support.223575", "Sitecore.Support.223575\Sitecore.Support.223575.csproj", "{6A7157D6-2547-4938-967F-5451D381A00F}"
EndProject
Global
	GlobalSection(SolutionConfigurationPlatforms) = preSolution
		Debug|Any CPU = Debug|Any CPU
		Release|Any CPU = Release|Any CPU
	EndGlobalSection
	GlobalSection(ProjectConfigurationPlatforms) = postSolution
		{6A7157D6-2547-4938-967F-5451D381A00F}.Debug|Any CPU.ActiveCfg = Debug|Any CPU
		{6A7157D6-2547-4938-967F-5451D381A00F}.Debug|Any CPU.Build.0 = Debug|Any CPU
		{6A7157D6-2547-4938-967F-5451D381A00F}.Release|Any CPU.ActiveCfg = Release|Any CPU
		{6A7157D6-2547-4938-967F-5451D381A00F}.Release|Any CPU.Build.0 = Release|Any CPU
	EndGlobalSection
	GlobalSection(SolutionProperties) = preSolution
		HideSolutionNode = FALSE
	EndGlobalSection
EndGlobal
